
Microsoft Visual Studio Solution File, Format Version 12.00
# Visual Studio Version 16
VisualStudioVersion = 16.0.31515.178
MinimumVisualStudioVersion = 10.0.40219.1
Project("{FAE04EC0-301F-11D3-BF4B-00C04F79EFBC}") = "Front", "Front\Front.csproj", "{583F9D2D-DC64-460B-8A63-02184BDADB85}"
EndProject
Project("{FAE04EC0-301F-11D3-BF4B-00C04F79EFBC}") = "Storage", "Storage\Storage.csproj", "{17640750-CBA5-4E09-84A5-5ECD119E630F}"
EndProject
Project("{FAE04EC0-301F-11D3-BF4B-00C04F79EFBC}") = "Business", "Business\Business.csproj", "{26257A73-B5CA-409F-A069-FA359C8EBEB6}"
EndProject
Global
	GlobalSection(SolutionConfigurationPlatforms) = preSolution
		Debug|Any CPU = Debug|Any CPU
		Release|Any CPU = Release|Any CPU
	EndGlobalSection
	GlobalSection(ProjectConfigurationPlatforms) = postSolution
		{583F9D2D-DC64-460B-8A63-02184BDADB85}.Debug|Any CPU.ActiveCfg = Debug|Any CPU
		{583F9D2D-DC64-460B-8A63-02184BDADB85}.Debug|Any CPU.Build.0 = Debug|Any CPU
		{583F9D2D-DC64-460B-8A63-02184BDADB85}.Release|Any CPU.ActiveCfg = Release|Any CPU
		{583F9D2D-DC64-460B-8A63-02184BDADB85}.Release|Any CPU.Build.0 = Release|Any CPU
		{17640750-CBA5-4E09-84A5-5ECD119E630F}.Debug|Any CPU.ActiveCfg = Debug|Any CPU
		{17640750-CBA5-4E09-84A5-5ECD119E630F}.Debug|Any CPU.Build.0 = Debug|Any CPU
		{17640750-CBA5-4E09-84A5-5ECD119E630F}.Release|Any CPU.ActiveCfg = Release|Any CPU
		{17640750-CBA5-4E09-84A5-5ECD119E630F}.Release|Any CPU.Build.0 = Release|Any CPU
		{26257A73-B5CA-409F-A069-FA359C8EBEB6}.Debug|Any CPU.ActiveCfg = Debug|Any CPU
		{26257A73-B5CA-409F-A069-FA359C8EBEB6}.Debug|Any CPU.Build.0 = Debug|Any CPU
		{26257A73-B5CA-409F-A069-FA359C8EBEB6}.Release|Any CPU.ActiveCfg = Release|Any CPU
		{26257A73-B5CA-409F-A069-FA359C8EBEB6}.Release|Any CPU.Build.0 = Release|Any CPU
	EndGlobalSection
	GlobalSection(SolutionProperties) = preSolution
		HideSolutionNode = FALSE
	EndGlobalSection
	GlobalSection(ExtensibilityGlobals) = postSolution
		SolutionGuid = {3FBD7376-971A-4230-BCFB-BE00298D52E3}
	EndGlobalSection
EndGlobal
